// !$*UTF8*$!
{
	archiveVersion = 1;
	classes = {
	};
	objectVersion = 55;
	objects = {

/* Begin PBXBuildFile section */
		63325AF52898B5FE00D9FA1D /* AppDelegate.swift in Sources */ = {isa = PBXBuildFile; fileRef = 63325AF42898B5FE00D9FA1D /* AppDelegate.swift */; };
		63325AF72898B5FE00D9FA1D /* SceneDelegate.swift in Sources */ = {isa = PBXBuildFile; fileRef = 63325AF62898B5FE00D9FA1D /* SceneDelegate.swift */; };
		63325AF92898B5FE00D9FA1D /* ViewController.swift in Sources */ = {isa = PBXBuildFile; fileRef = 63325AF82898B5FE00D9FA1D /* ViewController.swift */; };
		63325AFC2898B5FE00D9FA1D /* Main.storyboard in Resources */ = {isa = PBXBuildFile; fileRef = 63325AFA2898B5FE00D9FA1D /* Main.storyboard */; };
		63325AFE2898B5FF00D9FA1D /* Assets.xcassets in Resources */ = {isa = PBXBuildFile; fileRef = 63325AFD2898B5FF00D9FA1D /* Assets.xcassets */; };
		63325B012898B5FF00D9FA1D /* LaunchScreen.storyboard in Resources */ = {isa = PBXBuildFile; fileRef = 63325AFF2898B5FF00D9FA1D /* LaunchScreen.storyboard */; };
		63325B0C2898B5FF00D9FA1D /* PreworkTests.swift in Sources */ = {isa = PBXBuildFile; fileRef = 63325B0B2898B5FF00D9FA1D /* PreworkTests.swift */; };
		63325B162898B5FF00D9FA1D /* PreworkUITests.swift in Sources */ = {isa = PBXBuildFile; fileRef = 63325B152898B5FF00D9FA1D /* PreworkUITests.swift */; };
		63325B182898B5FF00D9FA1D /* PreworkUITestsLaunchTests.swift in Sources */ = {isa = PBXBuildFile; fileRef = 63325B172898B5FF00D9FA1D /* PreworkUITestsLaunchTests.swift */; };
/* End PBXBuildFile section */

/* Begin PBXContainerItemProxy section */
		63325B082898B5FF00D9FA1D /* PBXContainerItemProxy */ = {
			isa = PBXContainerItemProxy;
			containerPortal = 63325AE92898B5FE00D9FA1D /* Project object */;
			proxyType = 1;
			remoteGlobalIDString = 63325AF02898B5FE00D9FA1D;
			remoteInfo = Prework;
		};
		63325B122898B5FF00D9FA1D /* PBXContainerItemProxy */ = {
			isa = PBXContainerItemProxy;
			containerPortal = 63325AE92898B5FE00D9FA1D /* Project object */;
			proxyType = 1;
			remoteGlobalIDString = 63325AF02898B5FE00D9FA1D;
			remoteInfo = Prework;
		};
/* End PBXContainerItemProxy section */

/* Begin PBXFileReference section */
		63325AF12898B5FE00D9FA1D /* Prework.app */ = {isa = PBXFileReference; explicitFileType = wrapper.application; includeInIndex = 0; path = Prework.app; sourceTree = BUILT_PRODUCTS_DIR; };
		63325AF42898B5FE00D9FA1D /* AppDelegate.swift */ = {isa = PBXFileReference; lastKnownFileType = sourcecode.swift; path = AppDelegate.swift; sourceTree = "<group>"; };
		63325AF62898B5FE00D9FA1D /* SceneDelegate.swift */ = {isa = PBXFileReference; lastKnownFileType = sourcecode.swift; path = SceneDelegate.swift; sourceTree = "<group>"; };
		63325AF82898B5FE00D9FA1D /* ViewController.swift */ = {isa = PBXFileReference; lastKnownFileType = sourcecode.swift; path = ViewController.swift; sourceTree = "<group>"; };
		63325AFB2898B5FE00D9FA1D /* Base */ = {isa = PBXFileReference; lastKnownFileType = file.storyboard; name = Base; path = Base.lproj/Main.storyboard; sourceTree = "<group>"; };
		63325AFD2898B5FF00D9FA1D /* Assets.xcassets */ = {isa = PBXFileReference; lastKnownFileType = folder.assetcatalog; path = Assets.xcassets; sourceTree = "<group>"; };
		63325B002898B5FF00D9FA1D /* Base */ = {isa = PBXFileReference; lastKnownFileType = file.storyboard; name = Base; path = Base.lproj/LaunchScreen.storyboard; sourceTree = "<group>"; };
		63325B022898B5FF00D9FA1D /* Info.plist */ = {isa = PBXFileReference; lastKnownFileType = text.plist.xml; path = Info.plist; sourceTree = "<group>"; };
		63325B072898B5FF00D9FA1D /* PreworkTests.xctest */ = {isa = PBXFileReference; explicitFileType = wrapper.cfbundle; includeInIndex = 0; path = PreworkTests.xctest; sourceTree = BUILT_PRODUCTS_DIR; };
		63325B0B2898B5FF00D9FA1D /* PreworkTests.swift */ = {isa = PBXFileReference; lastKnownFileType = sourcecode.swift; path = PreworkTests.swift; sourceTree = "<group>"; };
		63325B112898B5FF00D9FA1D /* PreworkUITests.xctest */ = {isa = PBXFileReference; explicitFileType = wrapper.cfbundle; includeInIndex = 0; path = PreworkUITests.xctest; sourceTree = BUILT_PRODUCTS_DIR; };
		63325B152898B5FF00D9FA1D /* PreworkUITests.swift */ = {isa = PBXFileReference; lastKnownFileType = sourcecode.swift; path = PreworkUITests.swift; sourceTree = "<group>"; };
		63325B172898B5FF00D9FA1D /* PreworkUITestsLaunchTests.swift */ = {isa = PBXFileReference; lastKnownFileType = sourcecode.swift; path = PreworkUITestsLaunchTests.swift; sourceTree = "<group>"; };
/* End PBXFileReference section */

/* Begin PBXFrameworksBuildPhase section */
		63325AEE2898B5FE00D9FA1D /* Frameworks */ = {
			isa = PBXFrameworksBuildPhase;
			buildActionMask = 2147483647;
			files = (
			);
			runOnlyForDeploymentPostprocessing = 0;
		};
		63325B042898B5FF00D9FA1D /* Frameworks */ = {
			isa = PBXFrameworksBuildPhase;
			buildActionMask = 2147483647;
			files = (
			);
			runOnlyForDeploymentPostprocessing = 0;
		};
		63325B0E2898B5FF00D9FA1D /* Frameworks */ = {
			isa = PBXFrameworksBuildPhase;
			buildActionMask = 2147483647;
			files = (
			);
			runOnlyForDeploymentPostprocessing = 0;
		};
/* End PBXFrameworksBuildPhase section */

/* Begin PBXGroup section */
		63325AE82898B5FE00D9FA1D = {
			isa = PBXGroup;
			children = (
				63325AF32898B5FE00D9FA1D /* Prework */,
				63325B0A2898B5FF00D9FA1D /* PreworkTests */,
				63325B142898B5FF00D9FA1D /* PreworkUITests */,
				63325AF22898B5FE00D9FA1D /* Products */,
			);
			sourceTree = "<group>";
		};
		63325AF22898B5FE00D9FA1D /* Products */ = {
			isa = PBXGroup;
			children = (
				63325AF12898B5FE00D9FA1D /* Prework.app */,
				63325B072898B5FF00D9FA1D /* PreworkTests.xctest */,
				63325B112898B5FF00D9FA1D /* PreworkUITests.xctest */,
			);
			name = Products;
			sourceTree = "<group>";
		};
		63325AF32898B5FE00D9FA1D /* Prework */ = {
			isa = PBXGroup;
			children = (
				63325AF42898B5FE00D9FA1D /* AppDelegate.swift */,
				63325AF62898B5FE00D9FA1D /* SceneDelegate.swift */,
				63325AF82898B5FE00D9FA1D /* ViewController.swift */,
				63325AFA2898B5FE00D9FA1D /* Main.storyboard */,
				63325AFD2898B5FF00D9FA1D /* Assets.xcassets */,
				63325AFF2898B5FF00D9FA1D /* LaunchScreen.storyboard */,
				63325B022898B5FF00D9FA1D /* Info.plist */,
			);
			path = Prework;
			sourceTree = "<group>";
		};
		63325B0A2898B5FF00D9FA1D /* PreworkTests */ = {
			isa = PBXGroup;
			children = (
				63325B0B2898B5FF00D9FA1D /* PreworkTests.swift */,
			);
			path = PreworkTests;
			sourceTree = "<group>";
		};
		63325B142898B5FF00D9FA1D /* PreworkUITests */ = {
			isa = PBXGroup;
			children = (
				63325B152898B5FF00D9FA1D /* PreworkUITests.swift */,
				63325B172898B5FF00D9FA1D /* PreworkUITestsLaunchTests.swift */,
			);
			path = PreworkUITests;
			sourceTree = "<group>";
		};
/* End PBXGroup section */

/* Begin PBXNativeTarget section */
		63325AF02898B5FE00D9FA1D /* Prework */ = {
			isa = PBXNativeTarget;
			buildConfigurationList = 63325B1B2898B5FF00D9FA1D /* Build configuration list for PBXNativeTarget "Prework" */;
			buildPhases = (
				63325AED2898B5FE00D9FA1D /* Sources */,
				63325AEE2898B5FE00D9FA1D /* Frameworks */,
				63325AEF2898B5FE00D9FA1D /* Resources */,
			);
			buildRules = (
			);
			dependencies = (
			);
			name = Prework;
			productName = Prework;
			productReference = 63325AF12898B5FE00D9FA1D /* Prework.app */;
			productType = "com.apple.product-type.application";
		};
		63325B062898B5FF00D9FA1D /* PreworkTests */ = {
			isa = PBXNativeTarget;
			buildConfigurationList = 63325B1E2898B5FF00D9FA1D /* Build configuration list for PBXNativeTarget "PreworkTests" */;
			buildPhases = (
				63325B032898B5FF00D9FA1D /* Sources */,
				63325B042898B5FF00D9FA1D /* Frameworks */,
				63325B052898B5FF00D9FA1D /* Resources */,
			);
			buildRules = (
			);
			dependencies = (
				63325B092898B5FF00D9FA1D /* PBXTargetDependency */,
			);
			name = PreworkTests;
			productName = PreworkTests;
			productReference = 63325B072898B5FF00D9FA1D /* PreworkTests.xctest */;
			productType = "com.apple.product-type.bundle.unit-test";
		};
		63325B102898B5FF00D9FA1D /* PreworkUITests */ = {
			isa = PBXNativeTarget;
			buildConfigurationList = 63325B212898B5FF00D9FA1D /* Build configuration list for PBXNativeTarget "PreworkUITests" */;
			buildPhases = (
				63325B0D2898B5FF00D9FA1D /* Sources */,
				63325B0E2898B5FF00D9FA1D /* Frameworks */,
				63325B0F2898B5FF00D9FA1D /* Resources */,
			);
			buildRules = (
			);
			dependencies = (
				63325B132898B5FF00D9FA1D /* PBXTargetDependency */,
			);
			name = PreworkUITests;
			productName = PreworkUITests;
			productReference = 63325B112898B5FF00D9FA1D /* PreworkUITests.xctest */;
			productType = "com.apple.product-type.bundle.ui-testing";
		};
/* End PBXNativeTarget section */

/* Begin PBXProject section */
		63325AE92898B5FE00D9FA1D /* Project object */ = {
			isa = PBXProject;
			attributes = {
				BuildIndependentTargetsInParallel = 1;
				LastSwiftUpdateCheck = 1340;
				LastUpgradeCheck = 1340;
				TargetAttributes = {
					63325AF02898B5FE00D9FA1D = {
						CreatedOnToolsVersion = 13.4.1;
					};
					63325B062898B5FF00D9FA1D = {
						CreatedOnToolsVersion = 13.4.1;
						TestTargetID = 63325AF02898B5FE00D9FA1D;
					};
					63325B102898B5FF00D9FA1D = {
						CreatedOnToolsVersion = 13.4.1;
						TestTargetID = 63325AF02898B5FE00D9FA1D;
					};
				};
			};
			buildConfigurationList = 63325AEC2898B5FE00D9FA1D /* Build configuration list for PBXProject "Prework" */;
			compatibilityVersion = "Xcode 13.0";
			developmentRegion = en;
			hasScannedForEncodings = 0;
			knownRegions = (
				en,
				Base,
			);
			mainGroup = 63325AE82898B5FE00D9FA1D;
			productRefGroup = 63325AF22898B5FE00D9FA1D /* Products */;
			projectDirPath = "";
			projectRoot = "";
			targets = (
				63325AF02898B5FE00D9FA1D /* Prework */,
				63325B062898B5FF00D9FA1D /* PreworkTests */,
				63325B102898B5FF00D9FA1D /* PreworkUITests */,
			);
		};
/* End PBXProject section */

/* Begin PBXResourcesBuildPhase section */
		63325AEF2898B5FE00D9FA1D /* Resources */ = {
			isa = PBXResourcesBuildPhase;
			buildActionMask = 2147483647;
			files = (
				63325B012898B5FF00D9FA1D /* LaunchScreen.storyboard in Resources */,
				63325AFE2898B5FF00D9FA1D /* Assets.xcassets in Resources */,
				63325AFC2898B5FE00D9FA1D /* Main.storyboard in Resources */,
			);
			runOnlyForDeploymentPostprocessing = 0;
		};
		63325B052898B5FF00D9FA1D /* Resources */ = {
			isa = PBXResourcesBuildPhase;
			buildActionMask = 2147483647;
			files = (
			);
			runOnlyForDeploymentPostprocessing = 0;
		};
		63325B0F2898B5FF00D9FA1D /* Resources */ = {
			isa = PBXResourcesBuildPhase;
			buildActionMask = 2147483647;
			files = (
			);
			runOnlyForDeploymentPostprocessing = 0;
		};
/* End PBXResourcesBuildPhase section */

/* Begin PBXSourcesBuildPhase section */
		63325AED2898B5FE00D9FA1D /* Sources */ = {
			isa = PBXSourcesBuildPhase;
			buildActionMask = 2147483647;
			files = (
				63325AF92898B5FE00D9FA1D /* ViewController.swift in Sources */,
				63325AF52898B5FE00D9FA1D /* AppDelegate.swift in Sources */,
				63325AF72898B5FE00D9FA1D /* SceneDelegate.swift in Sources */,
			);
			runOnlyForDeploymentPostprocessing = 0;
		};
		63325B032898B5FF00D9FA1D /* Sources */ = {
			isa = PBXSourcesBuildPhase;
			buildActionMask = 2147483647;
			files = (
				63325B0C2898B5FF00D9FA1D /* PreworkTests.swift in Sources */,
			);
			runOnlyForDeploymentPostprocessing = 0;
		};
		63325B0D2898B5FF00D9FA1D /* Sources */ = {
			isa = PBXSourcesBuildPhase;
			buildActionMask = 2147483647;
			files = (
				63325B162898B5FF00D9FA1D /* PreworkUITests.swift in Sources */,
				63325B182898B5FF00D9FA1D /* PreworkUITestsLaunchTests.swift in Sources */,
			);
			runOnlyForDeploymentPostprocessing = 0;
		};
/* End PBXSourcesBuildPhase section */

/* Begin PBXTargetDependency section */
		63325B092898B5FF00D9FA1D /* PBXTargetDependency */ = {
			isa = PBXTargetDependency;
			target = 63325AF02898B5FE00D9FA1D /* Prework */;
			targetProxy = 63325B082898B5FF00D9FA1D /* PBXContainerItemProxy */;
		};
		63325B132898B5FF00D9FA1D /* PBXTargetDependency */ = {
			isa = PBXTargetDependency;
			target = 63325AF02898B5FE00D9FA1D /* Prework */;
			targetProxy = 63325B122898B5FF00D9FA1D /* PBXContainerItemProxy */;
		};
/* End PBXTargetDependency section */

/* Begin PBXVariantGroup section */
		63325AFA2898B5FE00D9FA1D /* Main.storyboard */ = {
			isa = PBXVariantGroup;
			children = (
				63325AFB2898B5FE00D9FA1D /* Base */,
			);
			name = Main.storyboard;
			sourceTree = "<group>";
		};
		63325AFF2898B5FF00D9FA1D /* LaunchScreen.storyboard */ = {
			isa = PBXVariantGroup;
			children = (
				63325B002898B5FF00D9FA1D /* Base */,
			);
			name = LaunchScreen.storyboard;
			sourceTree = "<group>";
		};
/* End PBXVariantGroup section */

/* Begin XCBuildConfiguration section */
		63325B192898B5FF00D9FA1D /* Debug */ = {
			isa = XCBuildConfiguration;
			buildSettings = {
				ALWAYS_SEARCH_USER_PATHS = NO;
				CLANG_ANALYZER_NONNULL = YES;
				CLANG_ANALYZER_NUMBER_OBJECT_CONVERSION = YES_AGGRESSIVE;
				CLANG_CXX_LANGUAGE_STANDARD = "gnu++17";
				CLANG_ENABLE_MODULES = YES;
				CLANG_ENABLE_OBJC_ARC = YES;
				CLANG_ENABLE_OBJC_WEAK = YES;
				CLANG_WARN_BLOCK_CAPTURE_AUTORELEASING = YES;
				CLANG_WARN_BOOL_CONVERSION = YES;
				CLANG_WARN_COMMA = YES;
				CLANG_WARN_CONSTANT_CONVERSION = YES;
				CLANG_WARN_DEPRECATED_OBJC_IMPLEMENTATIONS = YES;
				CLANG_WARN_DIRECT_OBJC_ISA_USAGE = YES_ERROR;
				CLANG_WARN_DOCUMENTATION_COMMENTS = YES;
				CLANG_WARN_EMPTY_BODY = YES;
				CLANG_WARN_ENUM_CONVERSION = YES;
				CLANG_WARN_INFINITE_RECURSION = YES;
				CLANG_WARN_INT_CONVERSION = YES;
				CLANG_WARN_NON_LITERAL_NULL_CONVERSION = YES;
				CLANG_WARN_OBJC_IMPLICIT_RETAIN_SELF = YES;
				CLANG_WARN_OBJC_LITERAL_CONVERSION = YES;
				CLANG_WARN_OBJC_ROOT_CLASS = YES_ERROR;
				CLANG_WARN_QUOTED_INCLUDE_IN_FRAMEWORK_HEADER = YES;
				CLANG_WARN_RANGE_LOOP_ANALYSIS = YES;
				CLANG_WARN_STRICT_PROTOTYPES = YES;
				CLANG_WARN_SUSPICIOUS_MOVE = YES;
				CLANG_WARN_UNGUARDED_AVAILABILITY = YES_AGGRESSIVE;
				CLANG_WARN_UNREACHABLE_CODE = YES;
				CLANG_WARN__DUPLICATE_METHOD_MATCH = YES;
				COPY_PHASE_STRIP = NO;
				DEBUG_INFORMATION_FORMAT = dwarf;
				ENABLE_STRICT_OBJC_MSGSEND = YES;
				ENABLE_TESTABILITY = YES;
				GCC_C_LANGUAGE_STANDARD = gnu11;
				GCC_DYNAMIC_NO_PIC = NO;
				GCC_NO_COMMON_BLOCKS = YES;
				GCC_OPTIMIZATION_LEVEL = 0;
				GCC_PREPROCESSOR_DEFINITIONS = (
					"DEBUG=1",
					"$(inherited)",
				);
				GCC_WARN_64_TO_32_BIT_CONVERSION = YES;
				GCC_WARN_ABOUT_RETURN_TYPE = YES_ERROR;
				GCC_WARN_UNDECLARED_SELECTOR = YES;
				GCC_WARN_UNINITIALIZED_AUTOS = YES_AGGRESSIVE;
				GCC_WARN_UNUSED_FUNCTION = YES;
				GCC_WARN_UNUSED_VARIABLE = YES;
				IPHONEOS_DEPLOYMENT_TARGET = 15.5;
				MTL_ENABLE_DEBUG_INFO = INCLUDE_SOURCE;
				MTL_FAST_MATH = YES;
				ONLY_ACTIVE_ARCH = YES;
				SDKROOT = iphoneos;
				SWIFT_ACTIVE_COMPILATION_CONDITIONS = DEBUG;
				SWIFT_OPTIMIZATION_LEVEL = "-Onone";
			};
			name = Debug;
		};
		63325B1A2898B5FF00D9FA1D /* Release */ = {
			isa = XCBuildConfiguration;
			buildSettings = {
				ALWAYS_SEARCH_USER_PATHS = NO;
				CLANG_ANALYZER_NONNULL = YES;
				CLANG_ANALYZER_NUMBER_OBJECT_CONVERSION = YES_AGGRESSIVE;
				CLANG_CXX_LANGUAGE_STANDARD = "gnu++17";
				CLANG_ENABLE_MODULES = YES;
				CLANG_ENABLE_OBJC_ARC = YES;
				CLANG_ENABLE_OBJC_WEAK = YES;
				CLANG_WARN_BLOCK_CAPTURE_AUTORELEASING = YES;
				CLANG_WARN_BOOL_CONVERSION = YES;
				CLANG_WARN_COMMA = YES;
				CLANG_WARN_CONSTANT_CONVERSION = YES;
				CLANG_WARN_DEPRECATED_OBJC_IMPLEMENTATIONS = YES;
				CLANG_WARN_DIRECT_OBJC_ISA_USAGE = YES_ERROR;
				CLANG_WARN_DOCUMENTATION_COMMENTS = YES;
				CLANG_WARN_EMPTY_BODY = YES;
				CLANG_WARN_ENUM_CONVERSION = YES;
				CLANG_WARN_INFINITE_RECURSION = YES;
				CLANG_WARN_INT_CONVERSION = YES;
				CLANG_WARN_NON_LITERAL_NULL_CONVERSION = YES;
				CLANG_WARN_OBJC_IMPLICIT_RETAIN_SELF = YES;
				CLANG_WARN_OBJC_LITERAL_CONVERSION = YES;
				CLANG_WARN_OBJC_ROOT_CLASS = YES_ERROR;
				CLANG_WARN_QUOTED_INCLUDE_IN_FRAMEWORK_HEADER = YES;
				CLANG_WARN_RANGE_LOOP_ANALYSIS = YES;
				CLANG_WARN_STRICT_PROTOTYPES = YES;
				CLANG_WARN_SUSPICIOUS_MOVE = YES;
				CLANG_WARN_UNGUARDED_AVAILABILITY = YES_AGGRESSIVE;
				CLANG_WARN_UNREACHABLE_CODE = YES;
				CLANG_WARN__DUPLICATE_METHOD_MATCH = YES;
				COPY_PHASE_STRIP = NO;
				DEBUG_INFORMATION_FORMAT = "dwarf-with-dsym";
				ENABLE_NS_ASSERTIONS = NO;
				ENABLE_STRICT_OBJC_MSGSEND = YES;
				GCC_C_LANGUAGE_STANDARD = gnu11;
				GCC_NO_COMMON_BLOCKS = YES;
				GCC_WARN_64_TO_32_BIT_CONVERSION = YES;
				GCC_WARN_ABOUT_RETURN_TYPE = YES_ERROR;
				GCC_WARN_UNDECLARED_SELECTOR = YES;
				GCC_WARN_UNINITIALIZED_AUTOS = YES_AGGRESSIVE;
				GCC_WARN_UNUSED_FUNCTION = YES;
				GCC_WARN_UNUSED_VARIABLE = YES;
				IPHONEOS_DEPLOYMENT_TARGET = 15.5;
				MTL_ENABLE_DEBUG_INFO = NO;
				MTL_FAST_MATH = YES;
				SDKROOT = iphoneos;
				SWIFT_COMPILATION_MODE = wholemodule;
				SWIFT_OPTIMIZATION_LEVEL = "-O";
				VALIDATE_PRODUCT = YES;
			};
			name = Release;
		};
		63325B1C2898B5FF00D9FA1D /* Debug */ = {
			isa = XCBuildConfiguration;
			buildSettings = {
				ASSETCATALOG_COMPILER_APPICON_NAME = AppIcon;
				ASSETCATALOG_COMPILER_GLOBAL_ACCENT_COLOR_NAME = AccentColor;
				CODE_SIGN_STYLE = Automatic;
				CURRENT_PROJECT_VERSION = 1;
				GENERATE_INFOPLIST_FILE = YES;
				INFOPLIST_FILE = Prework/Info.plist;
				INFOPLIST_KEY_UIApplicationSupportsIndirectInputEvents = YES;
				INFOPLIST_KEY_UILaunchStoryboardName = LaunchScreen;
				INFOPLIST_KEY_UIMainStoryboardFile = Main;
				INFOPLIST_KEY_UISupportedInterfaceOrientations_iPad = "UIInterfaceOrientationPortrait UIInterfaceOrientationPortraitUpsideDown UIInterfaceOrientationLandscapeLeft UIInterfaceOrientationLandscapeRight";
				INFOPLIST_KEY_UISupportedInterfaceOrientations_iPhone = "UIInterfaceOrientationPortrait UIInterfaceOrientationLandscapeLeft UIInterfaceOrientationLandscapeRight";
				LD_RUNPATH_SEARCH_PATHS = (
					"$(inherited)",
					"@executable_path/Frameworks",
				);
				MARKETING_VERSION = 1.0;
				PRODUCT_BUNDLE_IDENTIFIER = grace.Prework;
				PRODUCT_NAME = "$(TARGET_NAME)";
				SWIFT_EMIT_LOC_STRINGS = YES;
				SWIFT_VERSION = 5.0;
				TARGETED_DEVICE_FAMILY = "1,2";
			};
			name = Debug;
		};
		63325B1D2898B5FF00D9FA1D /* Release */ = {
			isa = XCBuildConfiguration;
			buildSettings = {
				ASSETCATALOG_COMPILER_APPICON_NAME = AppIcon;
				ASSETCATALOG_COMPILER_GLOBAL_ACCENT_COLOR_NAME = AccentColor;
				CODE_SIGN_STYLE = Automatic;
				CURRENT_PROJECT_VERSION = 1;
				GENERATE_INFOPLIST_FILE = YES;
				INFOPLIST_FILE = Prework/Info.plist;
				INFOPLIST_KEY_UIApplicationSupportsIndirectInputEvents = YES;
				INFOPLIST_KEY_UILaunchStoryboardName = LaunchScreen;
				INFOPLIST_KEY_UIMainStoryboardFile = Main;
				INFOPLIST_KEY_UISupportedInterfaceOrientations_iPad = "UIInterfaceOrientationPortrait UIInterfaceOrientationPortraitUpsideDown UIInterfaceOrientationLandscapeLeft UIInterfaceOrientationLandscapeRight";
				INFOPLIST_KEY_UISupportedInterfaceOrientations_iPhone = "UIInterfaceOrientationPortrait UIInterfaceOrientationLandscapeLeft UIInterfaceOrientationLandscapeRight";
				LD_RUNPATH_SEARCH_PATHS = (
					"$(inherited)",
					"@executable_path/Frameworks",
				);
				MARKETING_VERSION = 1.0;
				PRODUCT_BUNDLE_IDENTIFIER = grace.Prework;
				PRODUCT_NAME = "$(TARGET_NAME)";
				SWIFT_EMIT_LOC_STRINGS = YES;
				SWIFT_VERSION = 5.0;
				TARGETED_DEVICE_FAMILY = "1,2";
			};
			name = Release;
		};
		63325B1F2898B5FF00D9FA1D /* Debug */ = {
			isa = XCBuildConfiguration;
			buildSettings = {
				ALWAYS_EMBED_SWIFT_STANDARD_LIBRARIES = YES;
				BUNDLE_LOADER = "$(TEST_HOST)";
				CODE_SIGN_STYLE = Automatic;
				CURRENT_PROJECT_VERSION = 1;
				GENERATE_INFOPLIST_FILE = YES;
				IPHONEOS_DEPLOYMENT_TARGET = 15.5;
				MARKETING_VERSION = 1.0;
				PRODUCT_BUNDLE_IDENTIFIER = grace.PreworkTests;
				PRODUCT_NAME = "$(TARGET_NAME)";
				SWIFT_EMIT_LOC_STRINGS = NO;
				SWIFT_VERSION = 5.0;
				TARGETED_DEVICE_FAMILY = "1,2";
				TEST_HOST = "$(BUILT_PRODUCTS_DIR)/Prework.app/Prework";
			};
			name = Debug;
		};
		63325B202898B5FF00D9FA1D /* Release */ = {
			isa = XCBuildConfiguration;
			buildSettings = {
				ALWAYS_EMBED_SWIFT_STANDARD_LIBRARIES = YES;
				BUNDLE_LOADER = "$(TEST_HOST)";
				CODE_SIGN_STYLE = Automatic;
				CURRENT_PROJECT_VERSION = 1;
				GENERATE_INFOPLIST_FILE = YES;
				IPHONEOS_DEPLOYMENT_TARGET = 15.5;
				MARKETING_VERSION = 1.0;
				PRODUCT_BUNDLE_IDENTIFIER = grace.PreworkTests;
				PRODUCT_NAME = "$(TARGET_NAME)";
				SWIFT_EMIT_LOC_STRINGS = NO;
				SWIFT_VERSION = 5.0;
				TARGETED_DEVICE_FAMILY = "1,2";
				TEST_HOST = "$(BUILT_PRODUCTS_DIR)/Prework.app/Prework";
			};
			name = Release;
		};
		63325B222898B5FF00D9FA1D /* Debug */ = {
			isa = XCBuildConfiguration;
			buildSettings = {
				ALWAYS_EMBED_SWIFT_STANDARD_LIBRARIES = YES;
				CODE_SIGN_STYLE = Automatic;
				CURRENT_PROJECT_VERSION = 1;
				GENERATE_INFOPLIST_FILE = YES;
				MARKETING_VERSION = 1.0;
				PRODUCT_BUNDLE_IDENTIFIER = grace.PreworkUITests;
				PRODUCT_NAME = "$(TARGET_NAME)";
				SWIFT_EMIT_LOC_STRINGS = NO;
				SWIFT_VERSION = 5.0;
				TARGETED_DEVICE_FAMILY = "1,2";
				TEST_TARGET_NAME = Prework;
			};
			name = Debug;
		};
		63325B232898B5FF00D9FA1D /* Release */ = {
			isa = XCBuildConfiguration;
			buildSettings = {
				ALWAYS_EMBED_SWIFT_STANDARD_LIBRARIES = YES;
				CODE_SIGN_STYLE = Automatic;
				CURRENT_PROJECT_VERSION = 1;
				GENERATE_INFOPLIST_FILE = YES;
				MARKETING_VERSION = 1.0;
				PRODUCT_BUNDLE_IDENTIFIER = grace.PreworkUITests;
				PRODUCT_NAME = "$(TARGET_NAME)";
				SWIFT_EMIT_LOC_STRINGS = NO;
				SWIFT_VERSION = 5.0;
				TARGETED_DEVICE_FAMILY = "1,2";
				TEST_TARGET_NAME = Prework;
			};
			name = Release;
		};
/* End XCBuildConfiguration section */

/* Begin XCConfigurationList section */
		63325AEC2898B5FE00D9FA1D /* Build configuration list for PBXProject "Prework" */ = {
			isa = XCConfigurationList;
			buildConfigurations = (
				63325B192898B5FF00D9FA1D /* Debug */,
				63325B1A2898B5FF00D9FA1D /* Release */,
			);
			defaultConfigurationIsVisible = 0;
			defaultConfigurationName = Release;
		};
		63325B1B2898B5FF00D9FA1D /* Build configuration list for PBXNativeTarget "Prework" */ = {
			isa = XCConfigurationList;
			buildConfigurations = (
				63325B1C2898B5FF00D9FA1D /* Debug */,
				63325B1D2898B5FF00D9FA1D /* Release */,
			);
			defaultConfigurationIsVisible = 0;
			defaultConfigurationName = Release;
		};
		63325B1E2898B5FF00D9FA1D /* Build configuration list for PBXNativeTarget "PreworkTests" */ = {
			isa = XCConfigurationList;
			buildConfigurations = (
				63325B1F2898B5FF00D9FA1D /* Debug */,
				63325B202898B5FF00D9FA1D /* Release */,
			);
			defaultConfigurationIsVisible = 0;
			defaultConfigurationName = Release;
		};
		63325B212898B5FF00D9FA1D /* Build configuration list for PBXNativeTarget "PreworkUITests" */ = {
			isa = XCConfigurationList;
			buildConfigurations = (
				63325B222898B5FF00D9FA1D /* Debug */,
				63325B232898B5FF00D9FA1D /* Release */,
			);
			defaultConfigurationIsVisible = 0;
			defaultConfigurationName = Release;
		};
/* End XCConfigurationList section */
	};
	rootObject = 63325AE92898B5FE00D9FA1D /* Project object */;
}
